
Microsoft Visual Studio Solution File, Format Version 12.00
# Visual Studio 15
VisualStudioVersion = 15.0.28307.757
MinimumVisualStudioVersion = 10.0.40219.1
Project("{FAE04EC0-301F-11D3-BF4B-00C04F79EFBC}") = "ThreeCardPoker", "ThreeCardPoker\ThreeCardPoker.csproj", "{77E5AD8A-5A23-46C1-99C4-D79C48CAC7D6}"
	ProjectSection(ProjectDependencies) = postProject
		{FE97C1FB-3895-409F-98EA-5994EF08B954} = {FE97C1FB-3895-409F-98EA-5994EF08B954}
	EndProjectSection
EndProject
Project("{FAE04EC0-301F-11D3-BF4B-00C04F79EFBC}") = "GamblersCasinoApi", "GamblersCasinoApi\GamblersCasinoApi.csproj", "{FE97C1FB-3895-409F-98EA-5994EF08B954}"
EndProject
Project("{FAE04EC0-301F-11D3-BF4B-00C04F79EFBC}") = "FiveCardPoker", "FiveCardPoker\FiveCardPoker.csproj", "{A5F13DD3-C1BA-4CB4-ACA7-3E84E77E5E3C}"
	ProjectSection(ProjectDependencies) = postProject
		{FE97C1FB-3895-409F-98EA-5994EF08B954} = {FE97C1FB-3895-409F-98EA-5994EF08B954}
	EndProjectSection
EndProject
Project("{FAE04EC0-301F-11D3-BF4B-00C04F79EFBC}") = "Blackjack", "Blackjack\Blackjack.csproj", "{7CBBAFAF-C8F3-4033-AA47-28394B174ACB}"
	ProjectSection(ProjectDependencies) = postProject
		{FE97C1FB-3895-409F-98EA-5994EF08B954} = {FE97C1FB-3895-409F-98EA-5994EF08B954}
	EndProjectSection
EndProject
Global
	GlobalSection(SolutionConfigurationPlatforms) = preSolution
		Debug|Any CPU = Debug|Any CPU
		Release|Any CPU = Release|Any CPU
	EndGlobalSection
	GlobalSection(ProjectConfigurationPlatforms) = postSolution
		{77E5AD8A-5A23-46C1-99C4-D79C48CAC7D6}.Debug|Any CPU.ActiveCfg = Debug|Any CPU
		{77E5AD8A-5A23-46C1-99C4-D79C48CAC7D6}.Debug|Any CPU.Build.0 = Debug|Any CPU
		{77E5AD8A-5A23-46C1-99C4-D79C48CAC7D6}.Release|Any CPU.ActiveCfg = Release|Any CPU
		{77E5AD8A-5A23-46C1-99C4-D79C48CAC7D6}.Release|Any CPU.Build.0 = Release|Any CPU
		{FE97C1FB-3895-409F-98EA-5994EF08B954}.Debug|Any CPU.ActiveCfg = Debug|Any CPU
		{FE97C1FB-3895-409F-98EA-5994EF08B954}.Debug|Any CPU.Build.0 = Debug|Any CPU
		{FE97C1FB-3895-409F-98EA-5994EF08B954}.Release|Any CPU.ActiveCfg = Release|Any CPU
		{FE97C1FB-3895-409F-98EA-5994EF08B954}.Release|Any CPU.Build.0 = Release|Any CPU
		{A5F13DD3-C1BA-4CB4-ACA7-3E84E77E5E3C}.Debug|Any CPU.ActiveCfg = Debug|Any CPU
		{A5F13DD3-C1BA-4CB4-ACA7-3E84E77E5E3C}.Debug|Any CPU.Build.0 = Debug|Any CPU
		{A5F13DD3-C1BA-4CB4-ACA7-3E84E77E5E3C}.Release|Any CPU.ActiveCfg = Release|Any CPU
		{A5F13DD3-C1BA-4CB4-ACA7-3E84E77E5E3C}.Release|Any CPU.Build.0 = Release|Any CPU
		{7CBBAFAF-C8F3-4033-AA47-28394B174ACB}.Debug|Any CPU.ActiveCfg = Debug|Any CPU
		{7CBBAFAF-C8F3-4033-AA47-28394B174ACB}.Debug|Any CPU.Build.0 = Debug|Any CPU
		{7CBBAFAF-C8F3-4033-AA47-28394B174ACB}.Release|Any CPU.ActiveCfg = Release|Any CPU
		{7CBBAFAF-C8F3-4033-AA47-28394B174ACB}.Release|Any CPU.Build.0 = Release|Any CPU
	EndGlobalSection
	GlobalSection(SolutionProperties) = preSolution
		HideSolutionNode = FALSE
	EndGlobalSection
	GlobalSection(ExtensibilityGlobals) = postSolution
		SolutionGuid = {5CC30635-78A9-40F3-8453-976B147ECB0A}
	EndGlobalSection
EndGlobal
